
Microsoft Visual Studio Solution File, Format Version 12.00
# Visual Studio Version 17
VisualStudioVersion = 17.5.33530.505
MinimumVisualStudioVersion = 10.0.40219.1
Project("{9A19103F-16F7-4668-BE54-9A1E7A4F7556}") = "cpusim", "cpusim\cpusim.csproj", "{99C2C69F-4C21-4096-87ED-BCF919C604D5}"
EndProject
Project("{2150E333-8FDC-42A3-9474-1A3956D46DE8}") = "Solution Items", "Solution Items", "{DA54EF07-35F6-44BA-82F6-2EAD06B365FF}"
	ProjectSection(SolutionItems) = preProject
		Readme.md = Readme.md
		README.pt-br.md = README.pt-br.md
	EndProjectSection
EndProject
Global
	GlobalSection(SolutionConfigurationPlatforms) = preSolution
		Debug|Any CPU = Debug|Any CPU
		Release|Any CPU = Release|Any CPU
	EndGlobalSection
	GlobalSection(ProjectConfigurationPlatforms) = postSolution
		{99C2C69F-4C21-4096-87ED-BCF919C604D5}.Debug|Any CPU.ActiveCfg = Debug|Any CPU
		{99C2C69F-4C21-4096-87ED-BCF919C604D5}.Debug|Any CPU.Build.0 = Debug|Any CPU
		{99C2C69F-4C21-4096-87ED-BCF919C604D5}.Release|Any CPU.ActiveCfg = Release|Any CPU
		{99C2C69F-4C21-4096-87ED-BCF919C604D5}.Release|Any CPU.Build.0 = Release|Any CPU
	EndGlobalSection
	GlobalSection(SolutionProperties) = preSolution
		HideSolutionNode = FALSE
	EndGlobalSection
	GlobalSection(ExtensibilityGlobals) = postSolution
		SolutionGuid = {0FBE258E-001F-4D1F-8D21-C1CE5597E8C4}
	EndGlobalSection
EndGlobal
